
Microsoft Visual Studio Solution File, Format Version 12.00
# Visual Studio Version 16
VisualStudioVersion = 16.0.34301.259
MinimumVisualStudioVersion = 10.0.40219.1
Project("{FAE04EC0-301F-11D3-BF4B-00C04F79EFBC}") = "ENROLLMENT_System", "ENROLLMENT_System\ENROLLMENT_System.csproj", "{0FB28FA7-D4DD-42BC-A366-572A2EEFD03F}"
EndProject
Global
	GlobalSection(SolutionConfigurationPlatforms) = preSolution
		Debug|Any CPU = Debug|Any CPU
		Release|Any CPU = Release|Any CPU
	EndGlobalSection
	GlobalSection(ProjectConfigurationPlatforms) = postSolution
		{0FB28FA7-D4DD-42BC-A366-572A2EEFD03F}.Debug|Any CPU.ActiveCfg = Debug|Any CPU
		{0FB28FA7-D4DD-42BC-A366-572A2EEFD03F}.Debug|Any CPU.Build.0 = Debug|Any CPU
		{0FB28FA7-D4DD-42BC-A366-572A2EEFD03F}.Release|Any CPU.ActiveCfg = Release|Any CPU
		{0FB28FA7-D4DD-42BC-A366-572A2EEFD03F}.Release|Any CPU.Build.0 = Release|Any CPU
	EndGlobalSection
	GlobalSection(SolutionProperties) = preSolution
		HideSolutionNode = FALSE
	EndGlobalSection
	GlobalSection(ExtensibilityGlobals) = postSolution
		SolutionGuid = {6EBD73C2-D562-4A8B-8B95-40A90789F921}
	EndGlobalSection
EndGlobal
